
Microsoft Visual Studio Solution File, Format Version 12.00
# Visual Studio Version 17
VisualStudioVersion = 17.3.32825.248
MinimumVisualStudioVersion = 10.0.40219.1
Project("{FAE04EC0-301F-11D3-BF4B-00C04F79EFBC}") = "ConsolePractice", "ConsolePractice\ConsolePractice.csproj", "{90A672E0-3496-4B50-8D72-C22E32088239}"
EndProject
Global
	GlobalSection(SolutionConfigurationPlatforms) = preSolution
		Debug|Any CPU = Debug|Any CPU
		Release|Any CPU = Release|Any CPU
	EndGlobalSection
	GlobalSection(ProjectConfigurationPlatforms) = postSolution
		{90A672E0-3496-4B50-8D72-C22E32088239}.Debug|Any CPU.ActiveCfg = Debug|Any CPU
		{90A672E0-3496-4B50-8D72-C22E32088239}.Debug|Any CPU.Build.0 = Debug|Any CPU
		{90A672E0-3496-4B50-8D72-C22E32088239}.Release|Any CPU.ActiveCfg = Release|Any CPU
		{90A672E0-3496-4B50-8D72-C22E32088239}.Release|Any CPU.Build.0 = Release|Any CPU
	EndGlobalSection
	GlobalSection(SolutionProperties) = preSolution
		HideSolutionNode = FALSE
	EndGlobalSection
	GlobalSection(ExtensibilityGlobals) = postSolution
		SolutionGuid = {412C8A27-6422-4E3A-BDB7-BB3D7B12CDF7}
	EndGlobalSection
EndGlobal
